
Microsoft Visual Studio Solution File, Format Version 12.00
# Visual Studio Version 17
VisualStudioVersion = 17.10.34916.146
MinimumVisualStudioVersion = 10.0.40219.1
Project("{2150E333-8FDC-42A3-9474-1A3956D46DE8}") = "Services", "Services", "{E3AB4FF5-C049-43F2-A39E-9CD44DE6D307}"
EndProject
Project("{2150E333-8FDC-42A3-9474-1A3956D46DE8}") = "Catalog", "Catalog", "{CFFCC4E3-A933-42D6-9EEB-4C4A7BA05087}"
EndProject
Project("{9A19103F-16F7-4668-BE54-9A1E7A4F7556}") = "Catalog.API", "Services\Catalog\Catalog.API\Catalog.API.csproj", "{E81CE640-5A73-4690-97EA-2BAC0173B0C1}"
EndProject
Project("{2150E333-8FDC-42A3-9474-1A3956D46DE8}") = "BuldingBlocks", "BuldingBlocks", "{7D5C1C43-06A3-49AD-9995-E7E51F0D844C}"
EndProject
Project("{9A19103F-16F7-4668-BE54-9A1E7A4F7556}") = "BuldingBlocks", "BuldingBlocks\BuldingBlocks\BuldingBlocks.csproj", "{2AA93EB5-B13A-4E2B-A11F-7A0C28476232}"
EndProject
Project("{E53339B2-1760-4266-BCC7-CA923CBCF16C}") = "docker-compose", "docker-compose.dcproj", "{557F2F9E-7BD5-47A3-91BA-0EC2D8E32F28}"
EndProject
Project("{2150E333-8FDC-42A3-9474-1A3956D46DE8}") = "Basket", "Basket", "{0165034B-290D-494B-82D6-10ECD9D9766A}"
EndProject
Project("{9A19103F-16F7-4668-BE54-9A1E7A4F7556}") = "Basket.API", "Services\Basket\Basket.API\Basket.API.csproj", "{32492255-A976-4D6C-A7B4-E830DD8406BA}"
EndProject
Project("{2150E333-8FDC-42A3-9474-1A3956D46DE8}") = "Discount", "Discount", "{10565635-1E6B-4528-BE8D-DE2DC8FCF1C5}"
EndProject
Project("{9A19103F-16F7-4668-BE54-9A1E7A4F7556}") = "Discount.Grpc", "Services\Discount\Discount.Grpc\Discount.Grpc.csproj", "{0A34519D-F0ED-4588-802A-382D2623E80E}"
EndProject
Project("{2150E333-8FDC-42A3-9474-1A3956D46DE8}") = "Ordering", "Ordering", "{675D4F39-4B19-4848-8344-A26C040BB131}"
EndProject
Project("{9A19103F-16F7-4668-BE54-9A1E7A4F7556}") = "Ordering.API", "Services\Ordering\Ordering.API\Ordering.API.csproj", "{943BA898-A803-4591-B92E-D5008E572B0F}"
EndProject
Project("{FAE04EC0-301F-11D3-BF4B-00C04F79EFBC}") = "Ordering.Domain", "Services\Ordering\Ordering.Domain\Ordering.Domain.csproj", "{FA4D7E1E-3D91-494F-A465-C92878F096A1}"
EndProject
Project("{FAE04EC0-301F-11D3-BF4B-00C04F79EFBC}") = "Ordering.Application", "Services\Ordering\Ordering.Application\Ordering.Application.csproj", "{4AFA104B-81BF-4173-8B73-869500A78303}"
EndProject
Project("{FAE04EC0-301F-11D3-BF4B-00C04F79EFBC}") = "Ordering.Infrastracture", "Services\Ordering\Ordering.Infrastracture\Ordering.Infrastracture.csproj", "{A2DA9D41-9E70-4A5F-8E8A-3C41AE1E8996}"
EndProject
Project("{FAE04EC0-301F-11D3-BF4B-00C04F79EFBC}") = "BuildingBlocks.messaging", "BuldingBlocks\BuildingBlocks.messaging\BuildingBlocks.messaging.csproj", "{BE289D53-2CA0-4CD8-BCBC-5DDD9C8FD4A0}"
EndProject
Project("{2150E333-8FDC-42A3-9474-1A3956D46DE8}") = "APIGetway", "APIGetway", "{02EA681E-C7D8-13C7-8484-4AC65E1B71E8}"
EndProject
Project("{FAE04EC0-301F-11D3-BF4B-00C04F79EFBC}") = "YarpAPIGetway", "APIGetway\YarpAPIGetway\YarpAPIGetway.csproj", "{695F8334-04BA-46FE-9299-0BCA73FF3B5F}"
EndProject
Global
	GlobalSection(SolutionConfigurationPlatforms) = preSolution
		Debug|Any CPU = Debug|Any CPU
		Release|Any CPU = Release|Any CPU
	EndGlobalSection
	GlobalSection(ProjectConfigurationPlatforms) = postSolution
		{E81CE640-5A73-4690-97EA-2BAC0173B0C1}.Debug|Any CPU.ActiveCfg = Debug|Any CPU
		{E81CE640-5A73-4690-97EA-2BAC0173B0C1}.Debug|Any CPU.Build.0 = Debug|Any CPU
		{E81CE640-5A73-4690-97EA-2BAC0173B0C1}.Release|Any CPU.ActiveCfg = Release|Any CPU
		{E81CE640-5A73-4690-97EA-2BAC0173B0C1}.Release|Any CPU.Build.0 = Release|Any CPU
		{2AA93EB5-B13A-4E2B-A11F-7A0C28476232}.Debug|Any CPU.ActiveCfg = Debug|Any CPU
		{2AA93EB5-B13A-4E2B-A11F-7A0C28476232}.Debug|Any CPU.Build.0 = Debug|Any CPU
		{2AA93EB5-B13A-4E2B-A11F-7A0C28476232}.Release|Any CPU.ActiveCfg = Release|Any CPU
		{2AA93EB5-B13A-4E2B-A11F-7A0C28476232}.Release|Any CPU.Build.0 = Release|Any CPU
		{557F2F9E-7BD5-47A3-91BA-0EC2D8E32F28}.Debug|Any CPU.ActiveCfg = Debug|Any CPU
		{557F2F9E-7BD5-47A3-91BA-0EC2D8E32F28}.Debug|Any CPU.Build.0 = Debug|Any CPU
		{557F2F9E-7BD5-47A3-91BA-0EC2D8E32F28}.Release|Any CPU.ActiveCfg = Release|Any CPU
		{557F2F9E-7BD5-47A3-91BA-0EC2D8E32F28}.Release|Any CPU.Build.0 = Release|Any CPU
		{32492255-A976-4D6C-A7B4-E830DD8406BA}.Debug|Any CPU.ActiveCfg = Debug|Any CPU
		{32492255-A976-4D6C-A7B4-E830DD8406BA}.Debug|Any CPU.Build.0 = Debug|Any CPU
		{32492255-A976-4D6C-A7B4-E830DD8406BA}.Release|Any CPU.ActiveCfg = Release|Any CPU
		{32492255-A976-4D6C-A7B4-E830DD8406BA}.Release|Any CPU.Build.0 = Release|Any CPU
		{0A34519D-F0ED-4588-802A-382D2623E80E}.Debug|Any CPU.ActiveCfg = Debug|Any CPU
		{0A34519D-F0ED-4588-802A-382D2623E80E}.Debug|Any CPU.Build.0 = Debug|Any CPU
		{0A34519D-F0ED-4588-802A-382D2623E80E}.Release|Any CPU.ActiveCfg = Release|Any CPU
		{0A34519D-F0ED-4588-802A-382D2623E80E}.Release|Any CPU.Build.0 = Release|Any CPU
		{943BA898-A803-4591-B92E-D5008E572B0F}.Debug|Any CPU.ActiveCfg = Debug|Any CPU
		{943BA898-A803-4591-B92E-D5008E572B0F}.Debug|Any CPU.Build.0 = Debug|Any CPU
		{943BA898-A803-4591-B92E-D5008E572B0F}.Release|Any CPU.ActiveCfg = Release|Any CPU
		{943BA898-A803-4591-B92E-D5008E572B0F}.Release|Any CPU.Build.0 = Release|Any CPU
		{FA4D7E1E-3D91-494F-A465-C92878F096A1}.Debug|Any CPU.ActiveCfg = Debug|Any CPU
		{FA4D7E1E-3D91-494F-A465-C92878F096A1}.Debug|Any CPU.Build.0 = Debug|Any CPU
		{FA4D7E1E-3D91-494F-A465-C92878F096A1}.Release|Any CPU.ActiveCfg = Release|Any CPU
		{FA4D7E1E-3D91-494F-A465-C92878F096A1}.Release|Any CPU.Build.0 = Release|Any CPU
		{4AFA104B-81BF-4173-8B73-869500A78303}.Debug|Any CPU.ActiveCfg = Debug|Any CPU
		{4AFA104B-81BF-4173-8B73-869500A78303}.Debug|Any CPU.Build.0 = Debug|Any CPU
		{4AFA104B-81BF-4173-8B73-869500A78303}.Release|Any CPU.ActiveCfg = Release|Any CPU
		{4AFA104B-81BF-4173-8B73-869500A78303}.Release|Any CPU.Build.0 = Release|Any CPU
		{A2DA9D41-9E70-4A5F-8E8A-3C41AE1E8996}.Debug|Any CPU.ActiveCfg = Debug|Any CPU
		{A2DA9D41-9E70-4A5F-8E8A-3C41AE1E8996}.Debug|Any CPU.Build.0 = Debug|Any CPU
		{A2DA9D41-9E70-4A5F-8E8A-3C41AE1E8996}.Release|Any CPU.ActiveCfg = Release|Any CPU
		{A2DA9D41-9E70-4A5F-8E8A-3C41AE1E8996}.Release|Any CPU.Build.0 = Release|Any CPU
		{BE289D53-2CA0-4CD8-BCBC-5DDD9C8FD4A0}.Debug|Any CPU.ActiveCfg = Debug|Any CPU
		{BE289D53-2CA0-4CD8-BCBC-5DDD9C8FD4A0}.Debug|Any CPU.Build.0 = Debug|Any CPU
		{BE289D53-2CA0-4CD8-BCBC-5DDD9C8FD4A0}.Release|Any CPU.ActiveCfg = Release|Any CPU
		{BE289D53-2CA0-4CD8-BCBC-5DDD9C8FD4A0}.Release|Any CPU.Build.0 = Release|Any CPU
		{695F8334-04BA-46FE-9299-0BCA73FF3B5F}.Debug|Any CPU.ActiveCfg = Debug|Any CPU
		{695F8334-04BA-46FE-9299-0BCA73FF3B5F}.Debug|Any CPU.Build.0 = Debug|Any CPU
		{695F8334-04BA-46FE-9299-0BCA73FF3B5F}.Release|Any CPU.ActiveCfg = Release|Any CPU
		{695F8334-04BA-46FE-9299-0BCA73FF3B5F}.Release|Any CPU.Build.0 = Release|Any CPU
	EndGlobalSection
	GlobalSection(SolutionProperties) = preSolution
		HideSolutionNode = FALSE
	EndGlobalSection
	GlobalSection(NestedProjects) = preSolution
		{CFFCC4E3-A933-42D6-9EEB-4C4A7BA05087} = {E3AB4FF5-C049-43F2-A39E-9CD44DE6D307}
		{E81CE640-5A73-4690-97EA-2BAC0173B0C1} = {CFFCC4E3-A933-42D6-9EEB-4C4A7BA05087}
		{2AA93EB5-B13A-4E2B-A11F-7A0C28476232} = {7D5C1C43-06A3-49AD-9995-E7E51F0D844C}
		{0165034B-290D-494B-82D6-10ECD9D9766A} = {E3AB4FF5-C049-43F2-A39E-9CD44DE6D307}
		{32492255-A976-4D6C-A7B4-E830DD8406BA} = {0165034B-290D-494B-82D6-10ECD9D9766A}
		{10565635-1E6B-4528-BE8D-DE2DC8FCF1C5} = {E3AB4FF5-C049-43F2-A39E-9CD44DE6D307}
		{0A34519D-F0ED-4588-802A-382D2623E80E} = {10565635-1E6B-4528-BE8D-DE2DC8FCF1C5}
		{675D4F39-4B19-4848-8344-A26C040BB131} = {E3AB4FF5-C049-43F2-A39E-9CD44DE6D307}
		{943BA898-A803-4591-B92E-D5008E572B0F} = {675D4F39-4B19-4848-8344-A26C040BB131}
		{FA4D7E1E-3D91-494F-A465-C92878F096A1} = {675D4F39-4B19-4848-8344-A26C040BB131}
		{4AFA104B-81BF-4173-8B73-869500A78303} = {675D4F39-4B19-4848-8344-A26C040BB131}
		{A2DA9D41-9E70-4A5F-8E8A-3C41AE1E8996} = {675D4F39-4B19-4848-8344-A26C040BB131}
		{BE289D53-2CA0-4CD8-BCBC-5DDD9C8FD4A0} = {7D5C1C43-06A3-49AD-9995-E7E51F0D844C}
		{695F8334-04BA-46FE-9299-0BCA73FF3B5F} = {02EA681E-C7D8-13C7-8484-4AC65E1B71E8}
	EndGlobalSection
	GlobalSection(ExtensibilityGlobals) = postSolution
		SolutionGuid = {FEEAF6CE-A06C-4018-9D90-060C7DB90F41}
	EndGlobalSection
EndGlobal
